github.com/OliverSchlueter/goutils v0.0.25 h1:7nSmfHfbZfBWzgfp2LpNO9oRZXPhEaASULur4rItDWY=
github.com/OliverSchlueter/goutils v0.0.25/go.mod h1:acgT42G7AnglV1fuMSE7jI2j5XkD57jXB95jeiw4ZHk=
github.com/sethvargo/go-githubactions v1.3.2 h1:gkibLr/QjosgNWoCf1V58rTMRZw7xZtSB7dY4atbl1Y=
github.com/sethvargo/go-githubactions v1.3.2/go.mod h1:7/4WeHgYfSz9U5vwuToCK9KPnELVHAhGtRwLREOQV80=
